// !$*UTF8*$!
{
	archiveVersion = 1;
	classes = {
	};
	objectVersion = 56;
	objects = {

/* Begin PBXBuildFile section */
		5315C3612C5323BA00BD03C1 /* SociallyAppApp.swift in Sources */ = {isa = PBXBuildFile; fileRef = 5315C3602C5323BA00BD03C1 /* SociallyAppApp.swift */; };
		5315C3632C5323BA00BD03C1 /* ContentView.swift in Sources */ = {isa = PBXBuildFile; fileRef = 5315C3622C5323BA00BD03C1 /* ContentView.swift */; };
		5315C3652C5323BC00BD03C1 /* Assets.xcassets in Resources */ = {isa = PBXBuildFile; fileRef = 5315C3642C5323BC00BD03C1 /* Assets.xcassets */; };
		5315C3682C5323BC00BD03C1 /* Preview Assets.xcassets in Resources */ = {isa = PBXBuildFile; fileRef = 5315C3672C5323BC00BD03C1 /* Preview Assets.xcassets */; };
		5315C36F2C53251700BD03C1 /* GoogleService-Info.plist in Resources */ = {isa = PBXBuildFile; fileRef = 5315C36E2C53251700BD03C1 /* GoogleService-Info.plist */; };
		5315C3722C5325E000BD03C1 /* FirebaseAuth in Frameworks */ = {isa = PBXBuildFile; productRef = 5315C3712C5325E000BD03C1 /* FirebaseAuth */; };
		5315C3742C5325E000BD03C1 /* FirebaseFirestore in Frameworks */ = {isa = PBXBuildFile; productRef = 5315C3732C5325E000BD03C1 /* FirebaseFirestore */; };
		5315C3762C5325E000BD03C1 /* FirebaseFirestoreSwift in Frameworks */ = {isa = PBXBuildFile; productRef = 5315C3752C5325E000BD03C1 /* FirebaseFirestoreSwift */; };
		5315C3782C5325E000BD03C1 /* FirebaseStorage in Frameworks */ = {isa = PBXBuildFile; productRef = 5315C3772C5325E000BD03C1 /* FirebaseStorage */; };
		5315C37A2C53264A00BD03C1 /* Post.swift in Sources */ = {isa = PBXBuildFile; fileRef = 5315C3792C53264A00BD03C1 /* Post.swift */; };
		5315C37C2C53268500BD03C1 /* PostViewModel.swift in Sources */ = {isa = PBXBuildFile; fileRef = 5315C37B2C53268500BD03C1 /* PostViewModel.swift */; };
/* End PBXBuildFile section */

/* Begin PBXFileReference section */
		5315C35D2C5323BA00BD03C1 /* SociallyApp.app */ = {isa = PBXFileReference; explicitFileType = wrapper.application; includeInIndex = 0; path = SociallyApp.app; sourceTree = BUILT_PRODUCTS_DIR; };
		5315C3602C5323BA00BD03C1 /* SociallyAppApp.swift */ = {isa = PBXFileReference; lastKnownFileType = sourcecode.swift; path = SociallyAppApp.swift; sourceTree = "<group>"; };
		5315C3622C5323BA00BD03C1 /* ContentView.swift */ = {isa = PBXFileReference; lastKnownFileType = sourcecode.swift; path = ContentView.swift; sourceTree = "<group>"; };
		5315C3642C5323BC00BD03C1 /* Assets.xcassets */ = {isa = PBXFileReference; lastKnownFileType = folder.assetcatalog; path = Assets.xcassets; sourceTree = "<group>"; };
		5315C3672C5323BC00BD03C1 /* Preview Assets.xcassets */ = {isa = PBXFileReference; lastKnownFileType = folder.assetcatalog; path = "Preview Assets.xcassets"; sourceTree = "<group>"; };
		5315C36E2C53251700BD03C1 /* GoogleService-Info.plist */ = {isa = PBXFileReference; fileEncoding = 4; lastKnownFileType = text.plist.xml; path = "GoogleService-Info.plist"; sourceTree = "<group>"; };
		5315C3792C53264A00BD03C1 /* Post.swift */ = {isa = PBXFileReference; lastKnownFileType = sourcecode.swift; path = Post.swift; sourceTree = "<group>"; };
		5315C37B2C53268500BD03C1 /* PostViewModel.swift */ = {isa = PBXFileReference; lastKnownFileType = sourcecode.swift; path = PostViewModel.swift; sourceTree = "<group>"; };
/* End PBXFileReference section */

/* Begin PBXFrameworksBuildPhase section */
		5315C35A2C5323BA00BD03C1 /* Frameworks */ = {
			isa = PBXFrameworksBuildPhase;
			buildActionMask = 2147483647;
			files = (
				5315C3722C5325E000BD03C1 /* FirebaseAuth in Frameworks */,
				5315C3782C5325E000BD03C1 /* FirebaseStorage in Frameworks */,
				5315C3742C5325E000BD03C1 /* FirebaseFirestore in Frameworks */,
				5315C3762C5325E000BD03C1 /* FirebaseFirestoreSwift in Frameworks */,
			);
			runOnlyForDeploymentPostprocessing = 0;
		};
/* End PBXFrameworksBuildPhase section */

/* Begin PBXGroup section */
		5315C3542C5323BA00BD03C1 = {
			isa = PBXGroup;
			children = (
				5315C36E2C53251700BD03C1 /* GoogleService-Info.plist */,
				5315C35F2C5323BA00BD03C1 /* SociallyApp */,
				5315C35E2C5323BA00BD03C1 /* Products */,
			);
			sourceTree = "<group>";
		};
		5315C35E2C5323BA00BD03C1 /* Products */ = {
			isa = PBXGroup;
			children = (
				5315C35D2C5323BA00BD03C1 /* SociallyApp.app */,
			);
			name = Products;
			sourceTree = "<group>";
		};
		5315C35F2C5323BA00BD03C1 /* SociallyApp */ = {
			isa = PBXGroup;
			children = (
				5315C3602C5323BA00BD03C1 /* SociallyAppApp.swift */,
				5315C3622C5323BA00BD03C1 /* ContentView.swift */,
				5315C3792C53264A00BD03C1 /* Post.swift */,
				5315C37B2C53268500BD03C1 /* PostViewModel.swift */,
				5315C3642C5323BC00BD03C1 /* Assets.xcassets */,
				5315C3662C5323BC00BD03C1 /* Preview Content */,
			);
			path = SociallyApp;
			sourceTree = "<group>";
		};
		5315C3662C5323BC00BD03C1 /* Preview Content */ = {
			isa = PBXGroup;
			children = (
				5315C3672C5323BC00BD03C1 /* Preview Assets.xcassets */,
			);
			path = "Preview Content";
			sourceTree = "<group>";
		};
/* End PBXGroup section */

/* Begin PBXNativeTarget section */
		5315C35C2C5323BA00BD03C1 /* SociallyApp */ = {
			isa = PBXNativeTarget;
			buildConfigurationList = 5315C36B2C5323BC00BD03C1 /* Build configuration list for PBXNativeTarget "SociallyApp" */;
			buildPhases = (
				5315C3592C5323BA00BD03C1 /* Sources */,
				5315C35A2C5323BA00BD03C1 /* Frameworks */,
				5315C35B2C5323BA00BD03C1 /* Resources */,
			);
			buildRules = (
			);
			dependencies = (
			);
			name = SociallyApp;
			packageProductDependencies = (
				5315C3712C5325E000BD03C1 /* FirebaseAuth */,
				5315C3732C5325E000BD03C1 /* FirebaseFirestore */,
				5315C3752C5325E000BD03C1 /* FirebaseFirestoreSwift */,
				5315C3772C5325E000BD03C1 /* FirebaseStorage */,
			);
			productName = SociallyApp;
			productReference = 5315C35D2C5323BA00BD03C1 /* SociallyApp.app */;
			productType = "com.apple.product-type.application";
		};
/* End PBXNativeTarget section */

/* Begin PBXProject section */
		5315C3552C5323BA00BD03C1 /* Project object */ = {
			isa = PBXProject;
			attributes = {
				BuildIndependentTargetsInParallel = 1;
				LastSwiftUpdateCheck = 1540;
				LastUpgradeCheck = 1540;
				TargetAttributes = {
					5315C35C2C5323BA00BD03C1 = {
						CreatedOnToolsVersion = 15.4;
					};
				};
			};
			buildConfigurationList = 5315C3582C5323BA00BD03C1 /* Build configuration list for PBXProject "SociallyApp" */;
			compatibilityVersion = "Xcode 14.0";
			developmentRegion = en;
			hasScannedForEncodings = 0;
			knownRegions = (
				en,
				Base,
			);
			mainGroup = 5315C3542C5323BA00BD03C1;
			packageReferences = (
				5315C3702C5325E000BD03C1 /* XCRemoteSwiftPackageReference "firebase-ios-sdk" */,
			);
			productRefGroup = 5315C35E2C5323BA00BD03C1 /* Products */;
			projectDirPath = "";
			projectRoot = "";
			targets = (
				5315C35C2C5323BA00BD03C1 /* SociallyApp */,
			);
		};
/* End PBXProject section */

/* Begin PBXResourcesBuildPhase section */
		5315C35B2C5323BA00BD03C1 /* Resources */ = {
			isa = PBXResourcesBuildPhase;
			buildActionMask = 2147483647;
			files = (
				5315C3682C5323BC00BD03C1 /* Preview Assets.xcassets in Resources */,
				5315C3652C5323BC00BD03C1 /* Assets.xcassets in Resources */,
				5315C36F2C53251700BD03C1 /* GoogleService-Info.plist in Resources */,
			);
			runOnlyForDeploymentPostprocessing = 0;
		};
/* End PBXResourcesBuildPhase section */

/* Begin PBXSourcesBuildPhase section */
		5315C3592C5323BA00BD03C1 /* Sources */ = {
			isa = PBXSourcesBuildPhase;
			buildActionMask = 2147483647;
			files = (
				5315C37C2C53268500BD03C1 /* PostViewModel.swift in Sources */,
				5315C37A2C53264A00BD03C1 /* Post.swift in Sources */,
				5315C3632C5323BA00BD03C1 /* ContentView.swift in Sources */,
				5315C3612C5323BA00BD03C1 /* SociallyAppApp.swift in Sources */,
			);
			runOnlyForDeploymentPostprocessing = 0;
		};
/* End PBXSourcesBuildPhase section */

/* Begin XCBuildConfiguration section */
		5315C3692C5323BC00BD03C1 /* Debug */ = {
			isa = XCBuildConfiguration;
			buildSettings = {
				ALWAYS_SEARCH_USER_PATHS = NO;
				ASSETCATALOG_COMPILER_GENERATE_SWIFT_ASSET_SYMBOL_EXTENSIONS = YES;
				CLANG_ANALYZER_NONNULL = YES;
				CLANG_ANALYZER_NUMBER_OBJECT_CONVERSION = YES_AGGRESSIVE;
				CLANG_CXX_LANGUAGE_STANDARD = "gnu++20";
				CLANG_ENABLE_MODULES = YES;
				CLANG_ENABLE_OBJC_ARC = YES;
				CLANG_ENABLE_OBJC_WEAK = YES;
				CLANG_WARN_BLOCK_CAPTURE_AUTORELEASING = YES;
				CLANG_WARN_BOOL_CONVERSION = YES;
				CLANG_WARN_COMMA = YES;
				CLANG_WARN_CONSTANT_CONVERSION = YES;
				CLANG_WARN_DEPRECATED_OBJC_IMPLEMENTATIONS = YES;
				CLANG_WARN_DIRECT_OBJC_ISA_USAGE = YES_ERROR;
				CLANG_WARN_DOCUMENTATION_COMMENTS = YES;
				CLANG_WARN_EMPTY_BODY = YES;
				CLANG_WARN_ENUM_CONVERSION = YES;
				CLANG_WARN_INFINITE_RECURSION = YES;
				CLANG_WARN_INT_CONVERSION = YES;
				CLANG_WARN_NON_LITERAL_NULL_CONVERSION = YES;
				CLANG_WARN_OBJC_IMPLICIT_RETAIN_SELF = YES;
				CLANG_WARN_OBJC_LITERAL_CONVERSION = YES;
				CLANG_WARN_OBJC_ROOT_CLASS = YES_ERROR;
				CLANG_WARN_QUOTED_INCLUDE_IN_FRAMEWORK_HEADER = YES;
				CLANG_WARN_RANGE_LOOP_ANALYSIS = YES;
				CLANG_WARN_STRICT_PROTOTYPES = YES;
				CLANG_WARN_SUSPICIOUS_MOVE = YES;
				CLANG_WARN_UNGUARDED_AVAILABILITY = YES_AGGRESSIVE;
				CLANG_WARN_UNREACHABLE_CODE = YES;
				CLANG_WARN__DUPLICATE_METHOD_MATCH = YES;
				COPY_PHASE_STRIP = NO;
				DEBUG_INFORMATION_FORMAT = dwarf;
				ENABLE_STRICT_OBJC_MSGSEND = YES;
				ENABLE_TESTABILITY = YES;
				ENABLE_USER_SCRIPT_SANDBOXING = YES;
				GCC_C_LANGUAGE_STANDARD = gnu17;
				GCC_DYNAMIC_NO_PIC = NO;
				GCC_NO_COMMON_BLOCKS = YES;
				GCC_OPTIMIZATION_LEVEL = 0;
				GCC_PREPROCESSOR_DEFINITIONS = (
					"DEBUG=1",
					"$(inherited)",
				);
				GCC_WARN_64_TO_32_BIT_CONVERSION = YES;
				GCC_WARN_ABOUT_RETURN_TYPE = YES_ERROR;
				GCC_WARN_UNDECLARED_SELECTOR = YES;
				GCC_WARN_UNINITIALIZED_AUTOS = YES_AGGRESSIVE;
				GCC_WARN_UNUSED_FUNCTION = YES;
				GCC_WARN_UNUSED_VARIABLE = YES;
				IPHONEOS_DEPLOYMENT_TARGET = 17.5;
				LOCALIZATION_PREFERS_STRING_CATALOGS = YES;
				MTL_ENABLE_DEBUG_INFO = INCLUDE_SOURCE;
				MTL_FAST_MATH = YES;
				ONLY_ACTIVE_ARCH = YES;
				SDKROOT = iphoneos;
				SWIFT_ACTIVE_COMPILATION_CONDITIONS = "DEBUG $(inherited)";
				SWIFT_OPTIMIZATION_LEVEL = "-Onone";
			};
			name = Debug;
		};
		5315C36A2C5323BC00BD03C1 /* Release */ = {
			isa = XCBuildConfiguration;
			buildSettings = {
				ALWAYS_SEARCH_USER_PATHS = NO;
				ASSETCATALOG_COMPILER_GENERATE_SWIFT_ASSET_SYMBOL_EXTENSIONS = YES;
				CLANG_ANALYZER_NONNULL = YES;
				CLANG_ANALYZER_NUMBER_OBJECT_CONVERSION = YES_AGGRESSIVE;
				CLANG_CXX_LANGUAGE_STANDARD = "gnu++20";
				CLANG_ENABLE_MODULES = YES;
				CLANG_ENABLE_OBJC_ARC = YES;
				CLANG_ENABLE_OBJC_WEAK = YES;
				CLANG_WARN_BLOCK_CAPTURE_AUTORELEASING = YES;
				CLANG_WARN_BOOL_CONVERSION = YES;
				CLANG_WARN_COMMA = YES;
				CLANG_WARN_CONSTANT_CONVERSION = YES;
				CLANG_WARN_DEPRECATED_OBJC_IMPLEMENTATIONS = YES;
				CLANG_WARN_DIRECT_OBJC_ISA_USAGE = YES_ERROR;
				CLANG_WARN_DOCUMENTATION_COMMENTS = YES;
				CLANG_WARN_EMPTY_BODY = YES;
				CLANG_WARN_ENUM_CONVERSION = YES;
				CLANG_WARN_INFINITE_RECURSION = YES;
				CLANG_WARN_INT_CONVERSION = YES;
				CLANG_WARN_NON_LITERAL_NULL_CONVERSION = YES;
				CLANG_WARN_OBJC_IMPLICIT_RETAIN_SELF = YES;
				CLANG_WARN_OBJC_LITERAL_CONVERSION = YES;
				CLANG_WARN_OBJC_ROOT_CLASS = YES_ERROR;
				CLANG_WARN_QUOTED_INCLUDE_IN_FRAMEWORK_HEADER = YES;
				CLANG_WARN_RANGE_LOOP_ANALYSIS = YES;
				CLANG_WARN_STRICT_PROTOTYPES = YES;
				CLANG_WARN_SUSPICIOUS_MOVE = YES;
				CLANG_WARN_UNGUARDED_AVAILABILITY = YES_AGGRESSIVE;
				CLANG_WARN_UNREACHABLE_CODE = YES;
				CLANG_WARN__DUPLICATE_METHOD_MATCH = YES;
				COPY_PHASE_STRIP = NO;
				DEBUG_INFORMATION_FORMAT = "dwarf-with-dsym";
				ENABLE_NS_ASSERTIONS = NO;
				ENABLE_STRICT_OBJC_MSGSEND = YES;
				ENABLE_USER_SCRIPT_SANDBOXING = YES;
				GCC_C_LANGUAGE_STANDARD = gnu17;
				GCC_NO_COMMON_BLOCKS = YES;
				GCC_WARN_64_TO_32_BIT_CONVERSION = YES;
				GCC_WARN_ABOUT_RETURN_TYPE = YES_ERROR;
				GCC_WARN_UNDECLARED_SELECTOR = YES;
				GCC_WARN_UNINITIALIZED_AUTOS = YES_AGGRESSIVE;
				GCC_WARN_UNUSED_FUNCTION = YES;
				GCC_WARN_UNUSED_VARIABLE = YES;
				IPHONEOS_DEPLOYMENT_TARGET = 17.5;
				LOCALIZATION_PREFERS_STRING_CATALOGS = YES;
				MTL_ENABLE_DEBUG_INFO = NO;
				MTL_FAST_MATH = YES;
				SDKROOT = iphoneos;
				SWIFT_COMPILATION_MODE = wholemodule;
				VALIDATE_PRODUCT = YES;
			};
			name = Release;
		};
		5315C36C2C5323BC00BD03C1 /* Debug */ = {
			isa = XCBuildConfiguration;
			buildSettings = {
				ASSETCATALOG_COMPILER_APPICON_NAME = AppIcon;
				ASSETCATALOG_COMPILER_GLOBAL_ACCENT_COLOR_NAME = AccentColor;
				CODE_SIGN_STYLE = Automatic;
				CURRENT_PROJECT_VERSION = 1;
				DEVELOPMENT_ASSET_PATHS = "\"SociallyApp/Preview Content\"";
				ENABLE_PREVIEWS = YES;
				GENERATE_INFOPLIST_FILE = YES;
				INFOPLIST_KEY_UIApplicationSceneManifest_Generation = YES;
				INFOPLIST_KEY_UIApplicationSupportsIndirectInputEvents = YES;
				INFOPLIST_KEY_UILaunchScreen_Generation = YES;
				INFOPLIST_KEY_UISupportedInterfaceOrientations_iPad = "UIInterfaceOrientationPortrait UIInterfaceOrientationPortraitUpsideDown UIInterfaceOrientationLandscapeLeft UIInterfaceOrientationLandscapeRight";
				INFOPLIST_KEY_UISupportedInterfaceOrientations_iPhone = "UIInterfaceOrientationPortrait UIInterfaceOrientationLandscapeLeft UIInterfaceOrientationLandscapeRight";
				LD_RUNPATH_SEARCH_PATHS = (
					"$(inherited)",
					"@executable_path/Frameworks",
				);
				MARKETING_VERSION = 1.0;
				PRODUCT_BUNDLE_IDENTIFIER = kr.co.uunwon.SociallyApp;
				PRODUCT_NAME = "$(TARGET_NAME)";
				SWIFT_EMIT_LOC_STRINGS = YES;
				SWIFT_VERSION = 5.0;
				TARGETED_DEVICE_FAMILY = "1,2";
			};
			name = Debug;
		};
		5315C36D2C5323BC00BD03C1 /* Release */ = {
			isa = XCBuildConfiguration;
			buildSettings = {
				ASSETCATALOG_COMPILER_APPICON_NAME = AppIcon;
				ASSETCATALOG_COMPILER_GLOBAL_ACCENT_COLOR_NAME = AccentColor;
				CODE_SIGN_STYLE = Automatic;
				CURRENT_PROJECT_VERSION = 1;
				DEVELOPMENT_ASSET_PATHS = "\"SociallyApp/Preview Content\"";
				ENABLE_PREVIEWS = YES;
				GENERATE_INFOPLIST_FILE = YES;
				INFOPLIST_KEY_UIApplicationSceneManifest_Generation = YES;
				INFOPLIST_KEY_UIApplicationSupportsIndirectInputEvents = YES;
				INFOPLIST_KEY_UILaunchScreen_Generation = YES;
				INFOPLIST_KEY_UISupportedInterfaceOrientations_iPad = "UIInterfaceOrientationPortrait UIInterfaceOrientationPortraitUpsideDown UIInterfaceOrientationLandscapeLeft UIInterfaceOrientationLandscapeRight";
				INFOPLIST_KEY_UISupportedInterfaceOrientations_iPhone = "UIInterfaceOrientationPortrait UIInterfaceOrientationLandscapeLeft UIInterfaceOrientationLandscapeRight";
				LD_RUNPATH_SEARCH_PATHS = (
					"$(inherited)",
					"@executable_path/Frameworks",
				);
				MARKETING_VERSION = 1.0;
				PRODUCT_BUNDLE_IDENTIFIER = kr.co.uunwon.SociallyApp;
				PRODUCT_NAME = "$(TARGET_NAME)";
				SWIFT_EMIT_LOC_STRINGS = YES;
				SWIFT_VERSION = 5.0;
				TARGETED_DEVICE_FAMILY = "1,2";
			};
			name = Release;
		};
/* End XCBuildConfiguration section */

/* Begin XCConfigurationList section */
		5315C3582C5323BA00BD03C1 /* Build configuration list for PBXProject "SociallyApp" */ = {
			isa = XCConfigurationList;
			buildConfigurations = (
				5315C3692C5323BC00BD03C1 /* Debug */,
				5315C36A2C5323BC00BD03C1 /* Release */,
			);
			defaultConfigurationIsVisible = 0;
			defaultConfigurationName = Release;
		};
		5315C36B2C5323BC00BD03C1 /* Build configuration list for PBXNativeTarget "SociallyApp" */ = {
			isa = XCConfigurationList;
			buildConfigurations = (
				5315C36C2C5323BC00BD03C1 /* Debug */,
				5315C36D2C5323BC00BD03C1 /* Release */,
			);
			defaultConfigurationIsVisible = 0;
			defaultConfigurationName = Release;
		};
/* End XCConfigurationList section */

/* Begin XCRemoteSwiftPackageReference section */
		5315C3702C5325E000BD03C1 /* XCRemoteSwiftPackageReference "firebase-ios-sdk" */ = {
			isa = XCRemoteSwiftPackageReference;
			repositoryURL = "https://github.com/firebase/firebase-ios-sdk.git";
			requirement = {
				kind = upToNextMajorVersion;
				minimumVersion = 10.29.0;
			};
		};
/* End XCRemoteSwiftPackageReference section */

/* Begin XCSwiftPackageProductDependency section */
		5315C3712C5325E000BD03C1 /* FirebaseAuth */ = {
			isa = XCSwiftPackageProductDependency;
			package = 5315C3702C5325E000BD03C1 /* XCRemoteSwiftPackageReference "firebase-ios-sdk" */;
			productName = FirebaseAuth;
		};
		5315C3732C5325E000BD03C1 /* FirebaseFirestore */ = {
			isa = XCSwiftPackageProductDependency;
			package = 5315C3702C5325E000BD03C1 /* XCRemoteSwiftPackageReference "firebase-ios-sdk" */;
			productName = FirebaseFirestore;
		};
		5315C3752C5325E000BD03C1 /* FirebaseFirestoreSwift */ = {
			isa = XCSwiftPackageProductDependency;
			package = 5315C3702C5325E000BD03C1 /* XCRemoteSwiftPackageReference "firebase-ios-sdk" */;
			productName = FirebaseFirestoreSwift;
		};
		5315C3772C5325E000BD03C1 /* FirebaseStorage */ = {
			isa = XCSwiftPackageProductDependency;
			package = 5315C3702C5325E000BD03C1 /* XCRemoteSwiftPackageReference "firebase-ios-sdk" */;
			productName = FirebaseStorage;
		};
/* End XCSwiftPackageProductDependency section */
	};
	rootObject = 5315C3552C5323BA00BD03C1 /* Project object */;
}
